
Microsoft Visual Studio Solution File, Format Version 12.00
# Visual Studio Version 16
VisualStudioVersion = 16.0.33927.289
MinimumVisualStudioVersion = 10.0.40219.1
Project("{2150E333-8FDC-42A3-9474-1A3956D46DE8}") = "Task0", "Task0", "{C9547C0A-EFDB-4F5D-9D71-D71305846FE3}"
EndProject
Project("{FAE04EC0-301F-11D3-BF4B-00C04F79EFBC}") = "Tyuiu.KornilovKA.Sprint6.Task0.V15.Lib", "Tyuiu.KornilovKA.Sprint6.Task0.V15.Lib\Tyuiu.KornilovKA.Sprint6.Task0.V15.Lib.csproj", "{55CC198C-38F8-48A8-8AFF-4E02FF807F72}"
EndProject
Project("{FAE04EC0-301F-11D3-BF4B-00C04F79EFBC}") = "Tyuiu.KornilovKA.Sprint6.Task0.V15.Test", "Tyuiu.KornilovKA.Sprint6.Task0.V15.Test\Tyuiu.KornilovKA.Sprint6.Task0.V15.Test.csproj", "{8B7EF057-960D-476A-82C4-09A84B9D4B6B}"
EndProject
Project("{FAE04EC0-301F-11D3-BF4B-00C04F79EFBC}") = "Tyuiu.KornilovKA.Sprint6.Task0.V15", "Tyuiu.KornilovKA.Sprint6.Task0.V15\Tyuiu.KornilovKA.Sprint6.Task0.V15.csproj", "{BFDD7167-D340-4758-9254-EB04042B6D1A}"
EndProject
Project("{2150E333-8FDC-42A3-9474-1A3956D46DE8}") = "Task1", "Task1", "{1288DCB8-CE5F-44FF-AD4E-766E8F38E649}"
EndProject
Project("{FAE04EC0-301F-11D3-BF4B-00C04F79EFBC}") = "Tyuiu.KornilovKA.Sprint6.Task1.V9", "Tyuiu.KornilovKA.Sprint6.Task1.V9\Tyuiu.KornilovKA.Sprint6.Task1.V9.csproj", "{9AAC2391-F343-452A-BC63-1A4D6761438D}"
EndProject
Project("{FAE04EC0-301F-11D3-BF4B-00C04F79EFBC}") = "Tyuiu.KornilovKA.Sprint6.Task1.V9.Lib", "Tyuiu.KornilovKA.Sprint6.Task1.V9.Lib\Tyuiu.KornilovKA.Sprint6.Task1.V9.Lib.csproj", "{75758ED8-2563-45CD-BD04-C8FACFA4E134}"
EndProject
Project("{FAE04EC0-301F-11D3-BF4B-00C04F79EFBC}") = "Tyuiu.KornilovKA.Sprint6.Task1.V9.Test", "Tyuiu.KornilovKA.Sprint6.Task1.V9.Test\Tyuiu.KornilovKA.Sprint6.Task1.V9.Test.csproj", "{7A75DA1F-17C9-4F0F-BE46-3273246005F3}"
EndProject
Project("{2150E333-8FDC-42A3-9474-1A3956D46DE8}") = "Task2", "Task2", "{5CD5905F-CA7A-4329-90D1-16699321033C}"
EndProject
Project("{FAE04EC0-301F-11D3-BF4B-00C04F79EFBC}") = "Tyuiu.KornilovKA.Sprint6.Task2.V21", "Tyuiu.KornilovKA.Sprint6.Task2.V21\Tyuiu.KornilovKA.Sprint6.Task2.V21.csproj", "{35628346-61C4-4CCA-937B-7F03A4C32642}"
EndProject
Project("{FAE04EC0-301F-11D3-BF4B-00C04F79EFBC}") = "Tyuiu.KornilovKA.Sprint6.Task2.V21.Lib", "Tyuiu.KornilovKA.Sprint6.Task2.V21.Lib\Tyuiu.KornilovKA.Sprint6.Task2.V21.Lib.csproj", "{154D990B-EB79-4B74-8A58-942B45B487B1}"
EndProject
Project("{FAE04EC0-301F-11D3-BF4B-00C04F79EFBC}") = "Tyuiu.KornilovKA.Sprint6.Task2.V21.Test", "Tyuiu.KornilovKA.Sprint6.Task2.V21.Test\Tyuiu.KornilovKA.Sprint6.Task2.V21.Test.csproj", "{FC9BD619-2227-41F6-939E-718A48802F8C}"
EndProject
Project("{2150E333-8FDC-42A3-9474-1A3956D46DE8}") = "Task3", "Task3", "{EB7E8B7D-1ED3-4650-872C-AFDC7336A408}"
EndProject
Project("{FAE04EC0-301F-11D3-BF4B-00C04F79EFBC}") = "Tyuiu.KornilovKA.Sprint6.Task3.V11", "Tyuiu.KornilovKA.Sprint6.Task3.V11\Tyuiu.KornilovKA.Sprint6.Task3.V11.csproj", "{13F0A2C2-9F3E-4694-BA01-345360B3F97E}"
EndProject
Project("{FAE04EC0-301F-11D3-BF4B-00C04F79EFBC}") = "Tyuiu.KornilovKA.Sprint6.Task3.V11.Lib", "Tyuiu.KornilovKA.Sprint6.Task3.V11.Lib\Tyuiu.KornilovKA.Sprint6.Task3.V11.Lib.csproj", "{FD1CD249-416E-4ADB-B351-7E0A00F0A84B}"
EndProject
Project("{FAE04EC0-301F-11D3-BF4B-00C04F79EFBC}") = "Tyuiu.KornilovKA.Sprint6.Task3.V11.Test", "Tyuiu.KornilovKA.Sprint6.Task3.V11.Test\Tyuiu.KornilovKA.Sprint6.Task3.V11.Test.csproj", "{E7946843-ADCD-49FE-8177-03C778AB64CE}"
EndProject
Project("{2150E333-8FDC-42A3-9474-1A3956D46DE8}") = "Task4", "Task4", "{91E81EB7-23F8-4132-99E6-A9BA851A88B9}"
EndProject
Project("{FAE04EC0-301F-11D3-BF4B-00C04F79EFBC}") = "Tyuiu.KornilovKA.Sprint6.Task4.V23", "Tyuiu.KornilovKA.Sprint6.Task4.V23\Tyuiu.KornilovKA.Sprint6.Task4.V23.csproj", "{693680B4-720A-45B6-861A-65A5508C3966}"
EndProject
Project("{FAE04EC0-301F-11D3-BF4B-00C04F79EFBC}") = "Tyuiu.KornilovKA.Sprint6.Task4.V23.Lib", "Tyuiu.KornilovKA.Sprint6.Task4.V23.Lib\Tyuiu.KornilovKA.Sprint6.Task4.V23.Lib.csproj", "{DE8331BB-F2A1-40F2-A7F9-1BD90A2FF2DD}"
EndProject
Project("{FAE04EC0-301F-11D3-BF4B-00C04F79EFBC}") = "Tyuiu.KornilovKA.Sprint6.Task4.V23.Test", "Tyuiu.KornilovKA.Sprint6.Task4.V23.Test\Tyuiu.KornilovKA.Sprint6.Task4.V23.Test.csproj", "{0D79E997-0980-4721-8A81-413EF0A13784}"
EndProject
Project("{2150E333-8FDC-42A3-9474-1A3956D46DE8}") = "Task5", "Task5", "{F7FFC88A-0CB4-4927-8BB5-D15DFD3A45BB}"
EndProject
Project("{FAE04EC0-301F-11D3-BF4B-00C04F79EFBC}") = "Tyuiu.KornilovKA.Sprint6.Task5.V3", "Tyuiu.KornilovKA.Sprint6.Task5.V3\Tyuiu.KornilovKA.Sprint6.Task5.V3.csproj", "{4FF93C51-2B69-4BE6-AD5B-CFBE0DA9D37E}"
EndProject
Project("{FAE04EC0-301F-11D3-BF4B-00C04F79EFBC}") = "Tyuiu.KornilovKA.Sprint6.Task5.V3.Lib", "Tyuiu.KornilovKA.Sprint6.Task5.V3.Lib\Tyuiu.KornilovKA.Sprint6.Task5.V3.Lib.csproj", "{0389DBBF-34DF-490F-AF9E-2474897549F0}"
EndProject
Project("{FAE04EC0-301F-11D3-BF4B-00C04F79EFBC}") = "Tyuiu.KornilovKA.Sprint6.Task5.V3.Test", "Tyuiu.KornilovKA.Sprint6.Task5.V3.Test\Tyuiu.KornilovKA.Sprint6.Task5.V3.Test.csproj", "{81691FBC-F5F0-4E2A-A407-F2815546E24E}"
EndProject
Project("{2150E333-8FDC-42A3-9474-1A3956D46DE8}") = "Task6", "Task6", "{AF4B40A5-CD2B-458C-84BF-B74504D3A9D1}"
EndProject
Project("{FAE04EC0-301F-11D3-BF4B-00C04F79EFBC}") = "Tyuiu.KornilovKA.Sprint6.Task6.V17", "Tyuiu.KornilovKA.Sprint6.Task6.V17\Tyuiu.KornilovKA.Sprint6.Task6.V17.csproj", "{882DEB0E-1117-4139-B97A-815E6AB5B33A}"
EndProject
Project("{FAE04EC0-301F-11D3-BF4B-00C04F79EFBC}") = "Tyuiu.KornilovKA.Sprint6.Task6.V17.Lib", "Tyuiu.KornilovKA.Sprint6.Task6.V17.Lib\Tyuiu.KornilovKA.Sprint6.Task6.V17.Lib.csproj", "{A2B919E3-6136-4D05-9BB5-F3BA22E401C3}"
EndProject
Project("{FAE04EC0-301F-11D3-BF4B-00C04F79EFBC}") = "Tyuiu.KornilovKA.Sprint6.Task6.V17.Test", "Tyuiu.KornilovKA.Sprint6.Task6.V17.Test\Tyuiu.KornilovKA.Sprint6.Task6.V17.Test.csproj", "{90B140CC-D425-4C26-A05B-6E3B1B6F5AEA}"
EndProject
Project("{2150E333-8FDC-42A3-9474-1A3956D46DE8}") = "Task7", "Task7", "{D537D6A1-4069-4980-9ED4-F6034530C1B8}"
EndProject
Project("{FAE04EC0-301F-11D3-BF4B-00C04F79EFBC}") = "Tyuiu.KornilovKA.Sprint6.Task7.V21", "Tyuiu.KornilovKA.Sprint6.Task7.V21\Tyuiu.KornilovKA.Sprint6.Task7.V21.csproj", "{F8F1D64F-F41E-4D42-A74A-AA8F6015059C}"
EndProject
Project("{FAE04EC0-301F-11D3-BF4B-00C04F79EFBC}") = "Tyuiu.KornilovKA.Sprint6.Task7.V21.Lib", "Tyuiu.KornilovKA.Sprint6.Task7.V21.Lib\Tyuiu.KornilovKA.Sprint6.Task7.V21.Lib.csproj", "{87ABE263-3BD0-4692-BD18-3A2A1680D0E5}"
EndProject
Project("{FAE04EC0-301F-11D3-BF4B-00C04F79EFBC}") = "Tyuiu.KornilovKA.Sprint6.Task7.V21.Test", "Tyuiu.KornilovKA.Sprint6.Task7.V21.Test\Tyuiu.KornilovKA.Sprint6.Task7.V21.Test.csproj", "{EF17AA51-A57A-4803-BCA7-89E5C3977DBA}"
EndProject
Global
	GlobalSection(SolutionConfigurationPlatforms) = preSolution
		Debug|Any CPU = Debug|Any CPU
		Release|Any CPU = Release|Any CPU
	EndGlobalSection
	GlobalSection(ProjectConfigurationPlatforms) = postSolution
		{55CC198C-38F8-48A8-8AFF-4E02FF807F72}.Debug|Any CPU.ActiveCfg = Debug|Any CPU
		{55CC198C-38F8-48A8-8AFF-4E02FF807F72}.Debug|Any CPU.Build.0 = Debug|Any CPU
		{55CC198C-38F8-48A8-8AFF-4E02FF807F72}.Release|Any CPU.ActiveCfg = Release|Any CPU
		{55CC198C-38F8-48A8-8AFF-4E02FF807F72}.Release|Any CPU.Build.0 = Release|Any CPU
		{8B7EF057-960D-476A-82C4-09A84B9D4B6B}.Debug|Any CPU.ActiveCfg = Debug|Any CPU
		{8B7EF057-960D-476A-82C4-09A84B9D4B6B}.Debug|Any CPU.Build.0 = Debug|Any CPU
		{8B7EF057-960D-476A-82C4-09A84B9D4B6B}.Release|Any CPU.ActiveCfg = Release|Any CPU
		{8B7EF057-960D-476A-82C4-09A84B9D4B6B}.Release|Any CPU.Build.0 = Release|Any CPU
		{BFDD7167-D340-4758-9254-EB04042B6D1A}.Debug|Any CPU.ActiveCfg = Debug|Any CPU
		{BFDD7167-D340-4758-9254-EB04042B6D1A}.Debug|Any CPU.Build.0 = Debug|Any CPU
		{BFDD7167-D340-4758-9254-EB04042B6D1A}.Release|Any CPU.ActiveCfg = Release|Any CPU
		{BFDD7167-D340-4758-9254-EB04042B6D1A}.Release|Any CPU.Build.0 = Release|Any CPU
		{9AAC2391-F343-452A-BC63-1A4D6761438D}.Debug|Any CPU.ActiveCfg = Debug|Any CPU
		{9AAC2391-F343-452A-BC63-1A4D6761438D}.Debug|Any CPU.Build.0 = Debug|Any CPU
		{9AAC2391-F343-452A-BC63-1A4D6761438D}.Release|Any CPU.ActiveCfg = Release|Any CPU
		{9AAC2391-F343-452A-BC63-1A4D6761438D}.Release|Any CPU.Build.0 = Release|Any CPU
		{75758ED8-2563-45CD-BD04-C8FACFA4E134}.Debug|Any CPU.ActiveCfg = Debug|Any CPU
		{75758ED8-2563-45CD-BD04-C8FACFA4E134}.Debug|Any CPU.Build.0 = Debug|Any CPU
		{75758ED8-2563-45CD-BD04-C8FACFA4E134}.Release|Any CPU.ActiveCfg = Release|Any CPU
		{75758ED8-2563-45CD-BD04-C8FACFA4E134}.Release|Any CPU.Build.0 = Release|Any CPU
		{7A75DA1F-17C9-4F0F-BE46-3273246005F3}.Debug|Any CPU.ActiveCfg = Debug|Any CPU
		{7A75DA1F-17C9-4F0F-BE46-3273246005F3}.Debug|Any CPU.Build.0 = Debug|Any CPU
		{7A75DA1F-17C9-4F0F-BE46-3273246005F3}.Release|Any CPU.ActiveCfg = Release|Any CPU
		{7A75DA1F-17C9-4F0F-BE46-3273246005F3}.Release|Any CPU.Build.0 = Release|Any CPU
		{35628346-61C4-4CCA-937B-7F03A4C32642}.Debug|Any CPU.ActiveCfg = Debug|Any CPU
		{35628346-61C4-4CCA-937B-7F03A4C32642}.Debug|Any CPU.Build.0 = Debug|Any CPU
		{35628346-61C4-4CCA-937B-7F03A4C32642}.Release|Any CPU.ActiveCfg = Release|Any CPU
		{35628346-61C4-4CCA-937B-7F03A4C32642}.Release|Any CPU.Build.0 = Release|Any CPU
		{154D990B-EB79-4B74-8A58-942B45B487B1}.Debug|Any CPU.ActiveCfg = Debug|Any CPU
		{154D990B-EB79-4B74-8A58-942B45B487B1}.Debug|Any CPU.Build.0 = Debug|Any CPU
		{154D990B-EB79-4B74-8A58-942B45B487B1}.Release|Any CPU.ActiveCfg = Release|Any CPU
		{154D990B-EB79-4B74-8A58-942B45B487B1}.Release|Any CPU.Build.0 = Release|Any CPU
		{FC9BD619-2227-41F6-939E-718A48802F8C}.Debug|Any CPU.ActiveCfg = Debug|Any CPU
		{FC9BD619-2227-41F6-939E-718A48802F8C}.Debug|Any CPU.Build.0 = Debug|Any CPU
		{FC9BD619-2227-41F6-939E-718A48802F8C}.Release|Any CPU.ActiveCfg = Release|Any CPU
		{FC9BD619-2227-41F6-939E-718A48802F8C}.Release|Any CPU.Build.0 = Release|Any CPU
		{13F0A2C2-9F3E-4694-BA01-345360B3F97E}.Debug|Any CPU.ActiveCfg = Debug|Any CPU
		{13F0A2C2-9F3E-4694-BA01-345360B3F97E}.Debug|Any CPU.Build.0 = Debug|Any CPU
		{13F0A2C2-9F3E-4694-BA01-345360B3F97E}.Release|Any CPU.ActiveCfg = Release|Any CPU
		{13F0A2C2-9F3E-4694-BA01-345360B3F97E}.Release|Any CPU.Build.0 = Release|Any CPU
		{FD1CD249-416E-4ADB-B351-7E0A00F0A84B}.Debug|Any CPU.ActiveCfg = Debug|Any CPU
		{FD1CD249-416E-4ADB-B351-7E0A00F0A84B}.Debug|Any CPU.Build.0 = Debug|Any CPU
		{FD1CD249-416E-4ADB-B351-7E0A00F0A84B}.Release|Any CPU.ActiveCfg = Release|Any CPU
		{FD1CD249-416E-4ADB-B351-7E0A00F0A84B}.Release|Any CPU.Build.0 = Release|Any CPU
		{E7946843-ADCD-49FE-8177-03C778AB64CE}.Debug|Any CPU.ActiveCfg = Debug|Any CPU
		{E7946843-ADCD-49FE-8177-03C778AB64CE}.Debug|Any CPU.Build.0 = Debug|Any CPU
		{E7946843-ADCD-49FE-8177-03C778AB64CE}.Release|Any CPU.ActiveCfg = Release|Any CPU
		{E7946843-ADCD-49FE-8177-03C778AB64CE}.Release|Any CPU.Build.0 = Release|Any CPU
		{693680B4-720A-45B6-861A-65A5508C3966}.Debug|Any CPU.ActiveCfg = Debug|Any CPU
		{693680B4-720A-45B6-861A-65A5508C3966}.Debug|Any CPU.Build.0 = Debug|Any CPU
		{693680B4-720A-45B6-861A-65A5508C3966}.Release|Any CPU.ActiveCfg = Release|Any CPU
		{693680B4-720A-45B6-861A-65A5508C3966}.Release|Any CPU.Build.0 = Release|Any CPU
		{DE8331BB-F2A1-40F2-A7F9-1BD90A2FF2DD}.Debug|Any CPU.ActiveCfg = Debug|Any CPU
		{DE8331BB-F2A1-40F2-A7F9-1BD90A2FF2DD}.Debug|Any CPU.Build.0 = Debug|Any CPU
		{DE8331BB-F2A1-40F2-A7F9-1BD90A2FF2DD}.Release|Any CPU.ActiveCfg = Release|Any CPU
		{DE8331BB-F2A1-40F2-A7F9-1BD90A2FF2DD}.Release|Any CPU.Build.0 = Release|Any CPU
		{0D79E997-0980-4721-8A81-413EF0A13784}.Debug|Any CPU.ActiveCfg = Debug|Any CPU
		{0D79E997-0980-4721-8A81-413EF0A13784}.Debug|Any CPU.Build.0 = Debug|Any CPU
		{0D79E997-0980-4721-8A81-413EF0A13784}.Release|Any CPU.ActiveCfg = Release|Any CPU
		{0D79E997-0980-4721-8A81-413EF0A13784}.Release|Any CPU.Build.0 = Release|Any CPU
		{4FF93C51-2B69-4BE6-AD5B-CFBE0DA9D37E}.Debug|Any CPU.ActiveCfg = Debug|Any CPU
		{4FF93C51-2B69-4BE6-AD5B-CFBE0DA9D37E}.Debug|Any CPU.Build.0 = Debug|Any CPU
		{4FF93C51-2B69-4BE6-AD5B-CFBE0DA9D37E}.Release|Any CPU.ActiveCfg = Release|Any CPU
		{4FF93C51-2B69-4BE6-AD5B-CFBE0DA9D37E}.Release|Any CPU.Build.0 = Release|Any CPU
		{0389DBBF-34DF-490F-AF9E-2474897549F0}.Debug|Any CPU.ActiveCfg = Debug|Any CPU
		{0389DBBF-34DF-490F-AF9E-2474897549F0}.Debug|Any CPU.Build.0 = Debug|Any CPU
		{0389DBBF-34DF-490F-AF9E-2474897549F0}.Release|Any CPU.ActiveCfg = Release|Any CPU
		{0389DBBF-34DF-490F-AF9E-2474897549F0}.Release|Any CPU.Build.0 = Release|Any CPU
		{81691FBC-F5F0-4E2A-A407-F2815546E24E}.Debug|Any CPU.ActiveCfg = Debug|Any CPU
		{81691FBC-F5F0-4E2A-A407-F2815546E24E}.Debug|Any CPU.Build.0 = Debug|Any CPU
		{81691FBC-F5F0-4E2A-A407-F2815546E24E}.Release|Any CPU.ActiveCfg = Release|Any CPU
		{81691FBC-F5F0-4E2A-A407-F2815546E24E}.Release|Any CPU.Build.0 = Release|Any CPU
		{882DEB0E-1117-4139-B97A-815E6AB5B33A}.Debug|Any CPU.ActiveCfg = Debug|Any CPU
		{882DEB0E-1117-4139-B97A-815E6AB5B33A}.Debug|Any CPU.Build.0 = Debug|Any CPU
		{882DEB0E-1117-4139-B97A-815E6AB5B33A}.Release|Any CPU.ActiveCfg = Release|Any CPU
		{882DEB0E-1117-4139-B97A-815E6AB5B33A}.Release|Any CPU.Build.0 = Release|Any CPU
		{A2B919E3-6136-4D05-9BB5-F3BA22E401C3}.Debug|Any CPU.ActiveCfg = Debug|Any CPU
		{A2B919E3-6136-4D05-9BB5-F3BA22E401C3}.Debug|Any CPU.Build.0 = Debug|Any CPU
		{A2B919E3-6136-4D05-9BB5-F3BA22E401C3}.Release|Any CPU.ActiveCfg = Release|Any CPU
		{A2B919E3-6136-4D05-9BB5-F3BA22E401C3}.Release|Any CPU.Build.0 = Release|Any CPU
		{90B140CC-D425-4C26-A05B-6E3B1B6F5AEA}.Debug|Any CPU.ActiveCfg = Debug|Any CPU
		{90B140CC-D425-4C26-A05B-6E3B1B6F5AEA}.Debug|Any CPU.Build.0 = Debug|Any CPU
		{90B140CC-D425-4C26-A05B-6E3B1B6F5AEA}.Release|Any CPU.ActiveCfg = Release|Any CPU
		{90B140CC-D425-4C26-A05B-6E3B1B6F5AEA}.Release|Any CPU.Build.0 = Release|Any CPU
		{F8F1D64F-F41E-4D42-A74A-AA8F6015059C}.Debug|Any CPU.ActiveCfg = Debug|Any CPU
		{F8F1D64F-F41E-4D42-A74A-AA8F6015059C}.Debug|Any CPU.Build.0 = Debug|Any CPU
		{F8F1D64F-F41E-4D42-A74A-AA8F6015059C}.Release|Any CPU.ActiveCfg = Release|Any CPU
		{F8F1D64F-F41E-4D42-A74A-AA8F6015059C}.Release|Any CPU.Build.0 = Release|Any CPU
		{87ABE263-3BD0-4692-BD18-3A2A1680D0E5}.Debug|Any CPU.ActiveCfg = Debug|Any CPU
		{87ABE263-3BD0-4692-BD18-3A2A1680D0E5}.Debug|Any CPU.Build.0 = Debug|Any CPU
		{87ABE263-3BD0-4692-BD18-3A2A1680D0E5}.Release|Any CPU.ActiveCfg = Release|Any CPU
		{87ABE263-3BD0-4692-BD18-3A2A1680D0E5}.Release|Any CPU.Build.0 = Release|Any CPU
		{EF17AA51-A57A-4803-BCA7-89E5C3977DBA}.Debug|Any CPU.ActiveCfg = Debug|Any CPU
		{EF17AA51-A57A-4803-BCA7-89E5C3977DBA}.Debug|Any CPU.Build.0 = Debug|Any CPU
		{EF17AA51-A57A-4803-BCA7-89E5C3977DBA}.Release|Any CPU.ActiveCfg = Release|Any CPU
		{EF17AA51-A57A-4803-BCA7-89E5C3977DBA}.Release|Any CPU.Build.0 = Release|Any CPU
	EndGlobalSection
	GlobalSection(SolutionProperties) = preSolution
		HideSolutionNode = FALSE
	EndGlobalSection
	GlobalSection(NestedProjects) = preSolution
		{55CC198C-38F8-48A8-8AFF-4E02FF807F72} = {C9547C0A-EFDB-4F5D-9D71-D71305846FE3}
		{8B7EF057-960D-476A-82C4-09A84B9D4B6B} = {C9547C0A-EFDB-4F5D-9D71-D71305846FE3}
		{BFDD7167-D340-4758-9254-EB04042B6D1A} = {C9547C0A-EFDB-4F5D-9D71-D71305846FE3}
		{9AAC2391-F343-452A-BC63-1A4D6761438D} = {1288DCB8-CE5F-44FF-AD4E-766E8F38E649}
		{75758ED8-2563-45CD-BD04-C8FACFA4E134} = {1288DCB8-CE5F-44FF-AD4E-766E8F38E649}
		{7A75DA1F-17C9-4F0F-BE46-3273246005F3} = {1288DCB8-CE5F-44FF-AD4E-766E8F38E649}
		{35628346-61C4-4CCA-937B-7F03A4C32642} = {5CD5905F-CA7A-4329-90D1-16699321033C}
		{154D990B-EB79-4B74-8A58-942B45B487B1} = {5CD5905F-CA7A-4329-90D1-16699321033C}
		{FC9BD619-2227-41F6-939E-718A48802F8C} = {5CD5905F-CA7A-4329-90D1-16699321033C}
		{13F0A2C2-9F3E-4694-BA01-345360B3F97E} = {EB7E8B7D-1ED3-4650-872C-AFDC7336A408}
		{FD1CD249-416E-4ADB-B351-7E0A00F0A84B} = {EB7E8B7D-1ED3-4650-872C-AFDC7336A408}
		{E7946843-ADCD-49FE-8177-03C778AB64CE} = {EB7E8B7D-1ED3-4650-872C-AFDC7336A408}
		{693680B4-720A-45B6-861A-65A5508C3966} = {91E81EB7-23F8-4132-99E6-A9BA851A88B9}
		{DE8331BB-F2A1-40F2-A7F9-1BD90A2FF2DD} = {91E81EB7-23F8-4132-99E6-A9BA851A88B9}
		{0D79E997-0980-4721-8A81-413EF0A13784} = {91E81EB7-23F8-4132-99E6-A9BA851A88B9}
		{4FF93C51-2B69-4BE6-AD5B-CFBE0DA9D37E} = {F7FFC88A-0CB4-4927-8BB5-D15DFD3A45BB}
		{0389DBBF-34DF-490F-AF9E-2474897549F0} = {F7FFC88A-0CB4-4927-8BB5-D15DFD3A45BB}
		{81691FBC-F5F0-4E2A-A407-F2815546E24E} = {F7FFC88A-0CB4-4927-8BB5-D15DFD3A45BB}
		{882DEB0E-1117-4139-B97A-815E6AB5B33A} = {AF4B40A5-CD2B-458C-84BF-B74504D3A9D1}
		{A2B919E3-6136-4D05-9BB5-F3BA22E401C3} = {AF4B40A5-CD2B-458C-84BF-B74504D3A9D1}
		{90B140CC-D425-4C26-A05B-6E3B1B6F5AEA} = {AF4B40A5-CD2B-458C-84BF-B74504D3A9D1}
		{F8F1D64F-F41E-4D42-A74A-AA8F6015059C} = {D537D6A1-4069-4980-9ED4-F6034530C1B8}
		{87ABE263-3BD0-4692-BD18-3A2A1680D0E5} = {D537D6A1-4069-4980-9ED4-F6034530C1B8}
		{EF17AA51-A57A-4803-BCA7-89E5C3977DBA} = {D537D6A1-4069-4980-9ED4-F6034530C1B8}
	EndGlobalSection
	GlobalSection(ExtensibilityGlobals) = postSolution
		SolutionGuid = {8AE6EE63-1AF3-484B-BBD5-316A745B58A8}
	EndGlobalSection
EndGlobal
